
Microsoft Visual Studio Solution File, Format Version 12.00
# Visual Studio Version 17
VisualStudioVersion = 17.0.31903.59
MinimumVisualStudioVersion = 10.0.40219.1
Project("{2150E333-8FDC-42A3-9474-1A3956D46DE8}") = "src", "src", "{827E0CD3-B72D-47B6-A68D-7590B98EB39B}"
EndProject
Project("{FAE04EC0-301F-11D3-BF4B-00C04F79EFBC}") = "Mokit.Domain", "src\Mokit.Domain\Mokit.Domain.csproj", "{04A2035D-B078-4088-A789-9E3224129495}"
EndProject
Project("{FAE04EC0-301F-11D3-BF4B-00C04F79EFBC}") = "Mokit.Application", "src\Mokit.Application\Mokit.Application.csproj", "{42F70148-C7A3-4C85-9310-F37C2D4140D6}"
EndProject
Project("{FAE04EC0-301F-11D3-BF4B-00C04F79EFBC}") = "Mokit.Infrastructure", "src\Mokit.Infrastructure\Mokit.Infrastructure.csproj", "{C906D2C9-9696-4379-9F82-0065CDE2F1C5}"
EndProject
Project("{FAE04EC0-301F-11D3-BF4B-00C04F79EFBC}") = "Mokit.MockEngine", "src\Mokit.MockEngine\Mokit.MockEngine.csproj", "{5E999E4E-4C4D-4F18-87A9-1003D1A80BF1}"
EndProject
Project("{FAE04EC0-301F-11D3-BF4B-00C04F79EFBC}") = "Mokit.Web", "src\Mokit.Web\Mokit.Web.csproj", "{AD1E8ADE-79C5-40E3-9EED-BAF72429EF76}"
EndProject
Project("{2150E333-8FDC-42A3-9474-1A3956D46DE8}") = "tests", "tests", "{0AB3BF05-4346-4AA6-1389-037BE0695223}"
EndProject
Project("{FAE04EC0-301F-11D3-BF4B-00C04F79EFBC}") = "Mokit.UnitTests", "tests\Mokit.UnitTests\Mokit.UnitTests.csproj", "{0D8575DD-0E14-41E6-9A7A-0A8F669B12D1}"
EndProject
Project("{FAE04EC0-301F-11D3-BF4B-00C04F79EFBC}") = "Mokit.IntegrationTests", "tests\Mokit.IntegrationTests\Mokit.IntegrationTests.csproj", "{8F120F6B-20B8-4AE7-A302-FFAA17BC34C5}"
EndProject
Project("{FAE04EC0-301F-11D3-BF4B-00C04F79EFBC}") = "Mokit.HostManager", "src\Mokit.HostManager\Mokit.HostManager.csproj", "{FAA04AAB-FC93-4C8C-AC09-030217E64E1E}"
EndProject
Global
	GlobalSection(SolutionConfigurationPlatforms) = preSolution
		Debug|Any CPU = Debug|Any CPU
		Debug|x64 = Debug|x64
		Debug|x86 = Debug|x86
		Release|Any CPU = Release|Any CPU
		Release|x64 = Release|x64
		Release|x86 = Release|x86
	EndGlobalSection
	GlobalSection(ProjectConfigurationPlatforms) = postSolution
		{04A2035D-B078-4088-A789-9E3224129495}.Debug|Any CPU.ActiveCfg = Debug|Any CPU
		{04A2035D-B078-4088-A789-9E3224129495}.Debug|Any CPU.Build.0 = Debug|Any CPU
		{04A2035D-B078-4088-A789-9E3224129495}.Debug|x64.ActiveCfg = Debug|Any CPU
		{04A2035D-B078-4088-A789-9E3224129495}.Debug|x64.Build.0 = Debug|Any CPU
		{04A2035D-B078-4088-A789-9E3224129495}.Debug|x86.ActiveCfg = Debug|Any CPU
		{04A2035D-B078-4088-A789-9E3224129495}.Debug|x86.Build.0 = Debug|Any CPU
		{04A2035D-B078-4088-A789-9E3224129495}.Release|Any CPU.ActiveCfg = Release|Any CPU
		{04A2035D-B078-4088-A789-9E3224129495}.Release|Any CPU.Build.0 = Release|Any CPU
		{04A2035D-B078-4088-A789-9E3224129495}.Release|x64.ActiveCfg = Release|Any CPU
		{04A2035D-B078-4088-A789-9E3224129495}.Release|x64.Build.0 = Release|Any CPU
		{04A2035D-B078-4088-A789-9E3224129495}.Release|x86.ActiveCfg = Release|Any CPU
		{04A2035D-B078-4088-A789-9E3224129495}.Release|x86.Build.0 = Release|Any CPU
		{42F70148-C7A3-4C85-9310-F37C2D4140D6}.Debug|Any CPU.ActiveCfg = Debug|Any CPU
		{42F70148-C7A3-4C85-9310-F37C2D4140D6}.Debug|Any CPU.Build.0 = Debug|Any CPU
		{42F70148-C7A3-4C85-9310-F37C2D4140D6}.Debug|x64.ActiveCfg = Debug|Any CPU
		{42F70148-C7A3-4C85-9310-F37C2D4140D6}.Debug|x64.Build.0 = Debug|Any CPU
		{42F70148-C7A3-4C85-9310-F37C2D4140D6}.Debug|x86.ActiveCfg = Debug|Any CPU
		{42F70148-C7A3-4C85-9310-F37C2D4140D6}.Debug|x86.Build.0 = Debug|Any CPU
		{42F70148-C7A3-4C85-9310-F37C2D4140D6}.Release|Any CPU.ActiveCfg = Release|Any CPU
		{42F70148-C7A3-4C85-9310-F37C2D4140D6}.Release|Any CPU.Build.0 = Release|Any CPU
		{42F70148-C7A3-4C85-9310-F37C2D4140D6}.Release|x64.ActiveCfg = Release|Any CPU
		{42F70148-C7A3-4C85-9310-F37C2D4140D6}.Release|x64.Build.0 = Release|Any CPU
		{42F70148-C7A3-4C85-9310-F37C2D4140D6}.Release|x86.ActiveCfg = Release|Any CPU
		{42F70148-C7A3-4C85-9310-F37C2D4140D6}.Release|x86.Build.0 = Release|Any CPU
		{C906D2C9-9696-4379-9F82-0065CDE2F1C5}.Debug|Any CPU.ActiveCfg = Debug|Any CPU
		{C906D2C9-9696-4379-9F82-0065CDE2F1C5}.Debug|Any CPU.Build.0 = Debug|Any CPU
		{C906D2C9-9696-4379-9F82-0065CDE2F1C5}.Debug|x64.ActiveCfg = Debug|Any CPU
		{C906D2C9-9696-4379-9F82-0065CDE2F1C5}.Debug|x64.Build.0 = Debug|Any CPU
		{C906D2C9-9696-4379-9F82-0065CDE2F1C5}.Debug|x86.ActiveCfg = Debug|Any CPU
		{C906D2C9-9696-4379-9F82-0065CDE2F1C5}.Debug|x86.Build.0 = Debug|Any CPU
		{C906D2C9-9696-4379-9F82-0065CDE2F1C5}.Release|Any CPU.ActiveCfg = Release|Any CPU
		{C906D2C9-9696-4379-9F82-0065CDE2F1C5}.Release|Any CPU.Build.0 = Release|Any CPU
		{C906D2C9-9696-4379-9F82-0065CDE2F1C5}.Release|x64.ActiveCfg = Release|Any CPU
		{C906D2C9-9696-4379-9F82-0065CDE2F1C5}.Release|x64.Build.0 = Release|Any CPU
		{C906D2C9-9696-4379-9F82-0065CDE2F1C5}.Release|x86.ActiveCfg = Release|Any CPU
		{C906D2C9-9696-4379-9F82-0065CDE2F1C5}.Release|x86.Build.0 = Release|Any CPU
		{5E999E4E-4C4D-4F18-87A9-1003D1A80BF1}.Debug|Any CPU.ActiveCfg = Debug|Any CPU
		{5E999E4E-4C4D-4F18-87A9-1003D1A80BF1}.Debug|Any CPU.Build.0 = Debug|Any CPU
		{5E999E4E-4C4D-4F18-87A9-1003D1A80BF1}.Debug|x64.ActiveCfg = Debug|Any CPU
		{5E999E4E-4C4D-4F18-87A9-1003D1A80BF1}.Debug|x64.Build.0 = Debug|Any CPU
		{5E999E4E-4C4D-4F18-87A9-1003D1A80BF1}.Debug|x86.ActiveCfg = Debug|Any CPU
		{5E999E4E-4C4D-4F18-87A9-1003D1A80BF1}.Debug|x86.Build.0 = Debug|Any CPU
		{5E999E4E-4C4D-4F18-87A9-1003D1A80BF1}.Release|Any CPU.ActiveCfg = Release|Any CPU
		{5E999E4E-4C4D-4F18-87A9-1003D1A80BF1}.Release|Any CPU.Build.0 = Release|Any CPU
		{5E999E4E-4C4D-4F18-87A9-1003D1A80BF1}.Release|x64.ActiveCfg = Release|Any CPU
		{5E999E4E-4C4D-4F18-87A9-1003D1A80BF1}.Release|x64.Build.0 = Release|Any CPU
		{5E999E4E-4C4D-4F18-87A9-1003D1A80BF1}.Release|x86.ActiveCfg = Release|Any CPU
		{5E999E4E-4C4D-4F18-87A9-1003D1A80BF1}.Release|x86.Build.0 = Release|Any CPU
		{AD1E8ADE-79C5-40E3-9EED-BAF72429EF76}.Debug|Any CPU.ActiveCfg = Debug|Any CPU
		{AD1E8ADE-79C5-40E3-9EED-BAF72429EF76}.Debug|Any CPU.Build.0 = Debug|Any CPU
		{AD1E8ADE-79C5-40E3-9EED-BAF72429EF76}.Debug|x64.ActiveCfg = Debug|Any CPU
		{AD1E8ADE-79C5-40E3-9EED-BAF72429EF76}.Debug|x64.Build.0 = Debug|Any CPU
		{AD1E8ADE-79C5-40E3-9EED-BAF72429EF76}.Debug|x86.ActiveCfg = Debug|Any CPU
		{AD1E8ADE-79C5-40E3-9EED-BAF72429EF76}.Debug|x86.Build.0 = Debug|Any CPU
		{AD1E8ADE-79C5-40E3-9EED-BAF72429EF76}.Release|Any CPU.ActiveCfg = Release|Any CPU
		{AD1E8ADE-79C5-40E3-9EED-BAF72429EF76}.Release|Any CPU.Build.0 = Release|Any CPU
		{AD1E8ADE-79C5-40E3-9EED-BAF72429EF76}.Release|x64.ActiveCfg = Release|Any CPU
		{AD1E8ADE-79C5-40E3-9EED-BAF72429EF76}.Release|x64.Build.0 = Release|Any CPU
		{AD1E8ADE-79C5-40E3-9EED-BAF72429EF76}.Release|x86.ActiveCfg = Release|Any CPU
		{AD1E8ADE-79C5-40E3-9EED-BAF72429EF76}.Release|x86.Build.0 = Release|Any CPU
		{0D8575DD-0E14-41E6-9A7A-0A8F669B12D1}.Debug|Any CPU.ActiveCfg = Debug|Any CPU
		{0D8575DD-0E14-41E6-9A7A-0A8F669B12D1}.Debug|Any CPU.Build.0 = Debug|Any CPU
		{0D8575DD-0E14-41E6-9A7A-0A8F669B12D1}.Debug|x64.ActiveCfg = Debug|Any CPU
		{0D8575DD-0E14-41E6-9A7A-0A8F669B12D1}.Debug|x64.Build.0 = Debug|Any CPU
		{0D8575DD-0E14-41E6-9A7A-0A8F669B12D1}.Debug|x86.ActiveCfg = Debug|Any CPU
		{0D8575DD-0E14-41E6-9A7A-0A8F669B12D1}.Debug|x86.Build.0 = Debug|Any CPU
		{0D8575DD-0E14-41E6-9A7A-0A8F669B12D1}.Release|Any CPU.ActiveCfg = Release|Any CPU
		{0D8575DD-0E14-41E6-9A7A-0A8F669B12D1}.Release|Any CPU.Build.0 = Release|Any CPU
		{0D8575DD-0E14-41E6-9A7A-0A8F669B12D1}.Release|x64.ActiveCfg = Release|Any CPU
		{0D8575DD-0E14-41E6-9A7A-0A8F669B12D1}.Release|x64.Build.0 = Release|Any CPU
		{0D8575DD-0E14-41E6-9A7A-0A8F669B12D1}.Release|x86.ActiveCfg = Release|Any CPU
		{0D8575DD-0E14-41E6-9A7A-0A8F669B12D1}.Release|x86.Build.0 = Release|Any CPU
		{8F120F6B-20B8-4AE7-A302-FFAA17BC34C5}.Debug|Any CPU.ActiveCfg = Debug|Any CPU
		{8F120F6B-20B8-4AE7-A302-FFAA17BC34C5}.Debug|Any CPU.Build.0 = Debug|Any CPU
		{8F120F6B-20B8-4AE7-A302-FFAA17BC34C5}.Debug|x64.ActiveCfg = Debug|Any CPU
		{8F120F6B-20B8-4AE7-A302-FFAA17BC34C5}.Debug|x64.Build.0 = Debug|Any CPU
		{8F120F6B-20B8-4AE7-A302-FFAA17BC34C5}.Debug|x86.ActiveCfg = Debug|Any CPU
		{8F120F6B-20B8-4AE7-A302-FFAA17BC34C5}.Debug|x86.Build.0 = Debug|Any CPU
		{8F120F6B-20B8-4AE7-A302-FFAA17BC34C5}.Release|Any CPU.ActiveCfg = Release|Any CPU
		{8F120F6B-20B8-4AE7-A302-FFAA17BC34C5}.Release|Any CPU.Build.0 = Release|Any CPU
		{8F120F6B-20B8-4AE7-A302-FFAA17BC34C5}.Release|x64.ActiveCfg = Release|Any CPU
		{8F120F6B-20B8-4AE7-A302-FFAA17BC34C5}.Release|x64.Build.0 = Release|Any CPU
		{8F120F6B-20B8-4AE7-A302-FFAA17BC34C5}.Release|x86.ActiveCfg = Release|Any CPU
		{8F120F6B-20B8-4AE7-A302-FFAA17BC34C5}.Release|x86.Build.0 = Release|Any CPU
		{FAA04AAB-FC93-4C8C-AC09-030217E64E1E}.Debug|Any CPU.ActiveCfg = Debug|Any CPU
		{FAA04AAB-FC93-4C8C-AC09-030217E64E1E}.Debug|Any CPU.Build.0 = Debug|Any CPU
		{FAA04AAB-FC93-4C8C-AC09-030217E64E1E}.Debug|x64.ActiveCfg = Debug|Any CPU
		{FAA04AAB-FC93-4C8C-AC09-030217E64E1E}.Debug|x64.Build.0 = Debug|Any CPU
		{FAA04AAB-FC93-4C8C-AC09-030217E64E1E}.Debug|x86.ActiveCfg = Debug|Any CPU
		{FAA04AAB-FC93-4C8C-AC09-030217E64E1E}.Debug|x86.Build.0 = Debug|Any CPU
		{FAA04AAB-FC93-4C8C-AC09-030217E64E1E}.Release|Any CPU.ActiveCfg = Release|Any CPU
		{FAA04AAB-FC93-4C8C-AC09-030217E64E1E}.Release|Any CPU.Build.0 = Release|Any CPU
		{FAA04AAB-FC93-4C8C-AC09-030217E64E1E}.Release|x64.ActiveCfg = Release|Any CPU
		{FAA04AAB-FC93-4C8C-AC09-030217E64E1E}.Release|x64.Build.0 = Release|Any CPU
		{FAA04AAB-FC93-4C8C-AC09-030217E64E1E}.Release|x86.ActiveCfg = Release|Any CPU
		{FAA04AAB-FC93-4C8C-AC09-030217E64E1E}.Release|x86.Build.0 = Release|Any CPU
	EndGlobalSection
	GlobalSection(SolutionProperties) = preSolution
		HideSolutionNode = FALSE
	EndGlobalSection
	GlobalSection(NestedProjects) = preSolution
		{04A2035D-B078-4088-A789-9E3224129495} = {827E0CD3-B72D-47B6-A68D-7590B98EB39B}
		{42F70148-C7A3-4C85-9310-F37C2D4140D6} = {827E0CD3-B72D-47B6-A68D-7590B98EB39B}
		{C906D2C9-9696-4379-9F82-0065CDE2F1C5} = {827E0CD3-B72D-47B6-A68D-7590B98EB39B}
		{5E999E4E-4C4D-4F18-87A9-1003D1A80BF1} = {827E0CD3-B72D-47B6-A68D-7590B98EB39B}
		{AD1E8ADE-79C5-40E3-9EED-BAF72429EF76} = {827E0CD3-B72D-47B6-A68D-7590B98EB39B}
		{0D8575DD-0E14-41E6-9A7A-0A8F669B12D1} = {0AB3BF05-4346-4AA6-1389-037BE0695223}
		{8F120F6B-20B8-4AE7-A302-FFAA17BC34C5} = {0AB3BF05-4346-4AA6-1389-037BE0695223}
		{FAA04AAB-FC93-4C8C-AC09-030217E64E1E} = {827E0CD3-B72D-47B6-A68D-7590B98EB39B}
	EndGlobalSection
EndGlobal
